
Microsoft Visual Studio Solution File, Format Version 12.00
# Visual Studio 14
VisualStudioVersion = 14.0.25420.1
MinimumVisualStudioVersion = 10.0.40219.1
Project("{FAE04EC0-301F-11D3-BF4B-00C04F79EFBC}") = "RestAPITestWebApp", "RestAPITestWebApp\RestAPITestWebApp.csproj", "{D40820DD-E681-496E-BE81-A364C6CB3710}"
EndProject
Project("{FAE04EC0-301F-11D3-BF4B-00C04F79EFBC}") = "DLL", "DLL\DLL.csproj", "{7BF537D2-5FFA-4CC2-93E2-22EC5609C09F}"
EndProject
Project("{FAE04EC0-301F-11D3-BF4B-00C04F79EFBC}") = "UnitTest", "UnitTest\UnitTest.csproj", "{4C4095C5-9E78-4115-B28C-EB9C710F1051}"
EndProject
Global
	GlobalSection(SolutionConfigurationPlatforms) = preSolution
		Debug|Any CPU = Debug|Any CPU
		Release|Any CPU = Release|Any CPU
	EndGlobalSection
	GlobalSection(ProjectConfigurationPlatforms) = postSolution
		{D40820DD-E681-496E-BE81-A364C6CB3710}.Debug|Any CPU.ActiveCfg = Debug|Any CPU
		{D40820DD-E681-496E-BE81-A364C6CB3710}.Debug|Any CPU.Build.0 = Debug|Any CPU
		{D40820DD-E681-496E-BE81-A364C6CB3710}.Release|Any CPU.ActiveCfg = Release|Any CPU
		{D40820DD-E681-496E-BE81-A364C6CB3710}.Release|Any CPU.Build.0 = Release|Any CPU
		{7BF537D2-5FFA-4CC2-93E2-22EC5609C09F}.Debug|Any CPU.ActiveCfg = Debug|Any CPU
		{7BF537D2-5FFA-4CC2-93E2-22EC5609C09F}.Debug|Any CPU.Build.0 = Debug|Any CPU
		{7BF537D2-5FFA-4CC2-93E2-22EC5609C09F}.Release|Any CPU.ActiveCfg = Release|Any CPU
		{7BF537D2-5FFA-4CC2-93E2-22EC5609C09F}.Release|Any CPU.Build.0 = Release|Any CPU
		{4C4095C5-9E78-4115-B28C-EB9C710F1051}.Debug|Any CPU.ActiveCfg = Debug|Any CPU
		{4C4095C5-9E78-4115-B28C-EB9C710F1051}.Debug|Any CPU.Build.0 = Debug|Any CPU
		{4C4095C5-9E78-4115-B28C-EB9C710F1051}.Release|Any CPU.ActiveCfg = Release|Any CPU
		{4C4095C5-9E78-4115-B28C-EB9C710F1051}.Release|Any CPU.Build.0 = Release|Any CPU
	EndGlobalSection
	GlobalSection(SolutionProperties) = preSolution
		HideSolutionNode = FALSE
	EndGlobalSection
EndGlobal
